
Microsoft Visual Studio Solution File, Format Version 11.00
# Visual Studio 2010
Project("{8BC9CEB8-8B4A-11D0-8D11-00A0C91BC942}") = "proc", "proc.vcxproj", "{AD2A19DD-B65F-3DA3-C8FB-8200DF5E2B49}"
EndProject
Project("{8BC9CEB8-8B4A-11D0-8D11-00A0C91BC942}") = "hooks", "hooks.vcxproj", "{53C2032C-08B9-9511-7928-CDF6BFC63030}"
EndProject
Global
	GlobalSection(SolutionConfigurationPlatforms) = preSolution
		Debug|Win32 = Debug|Win32
		Release|Win32 = Release|Win32
	EndGlobalSection
	GlobalSection(ProjectConfigurationPlatforms) = postSolution
		{AD2A19DD-B65F-3DA3-C8FB-8200DF5E2B49}.Debug|Win32.ActiveCfg = Debug|Win32
		{AD2A19DD-B65F-3DA3-C8FB-8200DF5E2B49}.Debug|Win32.Build.0 = Debug|Win32
		{AD2A19DD-B65F-3DA3-C8FB-8200DF5E2B49}.Release|Win32.ActiveCfg = Release|Win32
		{AD2A19DD-B65F-3DA3-C8FB-8200DF5E2B49}.Release|Win32.Build.0 = Release|Win32
		{53C2032C-08B9-9511-7928-CDF6BFC63030}.Debug|Win32.ActiveCfg = Debug|Win32
		{53C2032C-08B9-9511-7928-CDF6BFC63030}.Debug|Win32.Build.0 = Debug|Win32
		{53C2032C-08B9-9511-7928-CDF6BFC63030}.Release|Win32.ActiveCfg = Release|Win32
		{53C2032C-08B9-9511-7928-CDF6BFC63030}.Release|Win32.Build.0 = Release|Win32
	EndGlobalSection
	GlobalSection(SolutionProperties) = preSolution
		HideSolutionNode = FALSE
	EndGlobalSection
EndGlobal
